// !$*UTF8*$!
{
	archiveVersion = 1;
	classes = {
	};
	objectVersion = 46;
	objects = {

/* Begin PBXBuildFile section */
		032A5EF619DAB2F200B8551D /* main.cpp in Sources */ = {isa = PBXBuildFile; fileRef = 032A5EF519DAB2F200B8551D /* main.cpp */; };
/* End PBXBuildFile section */

/* Begin PBXCopyFilesBuildPhase section */
		032A5EF019DAB2F200B8551D /* CopyFiles */ = {
			isa = PBXCopyFilesBuildPhase;
			buildActionMask = 2147483647;
			dstPath = /usr/share/man/man1/;
			dstSubfolderSpec = 0;
			files = (
			);
			runOnlyForDeploymentPostprocessing = 1;
		};
/* End PBXCopyFilesBuildPhase section */

/* Begin PBXFileReference section */
		032A5EF219DAB2F200B8551D /* LightOj 1007 */ = {isa = PBXFileReference; explicitFileType = "compiled.mach-o.executable"; includeInIndex = 0; path = "LightOj 1007"; sourceTree = BUILT_PRODUCTS_DIR; };
		032A5EF519DAB2F200B8551D /* main.cpp */ = {isa = PBXFileReference; lastKnownFileType = sourcecode.cpp.cpp; path = main.cpp; sourceTree = "<group>"; };
/* End PBXFileReference section */

/* Begin PBXFrameworksBuildPhase section */
		032A5EEF19DAB2F200B8551D /* Frameworks */ = {
			isa = PBXFrameworksBuildPhase;
			buildActionMask = 2147483647;
			files = (
			);
			runOnlyForDeploymentPostprocessing = 0;
		};
/* End PBXFrameworksBuildPhase section */

/* Begin PBXGroup section */
		032A5EE919DAB2F200B8551D = {
			isa = PBXGroup;
			children = (
				032A5EF419DAB2F200B8551D /* LightOj 1007 */,
				032A5EF319DAB2F200B8551D /* Products */,
			);
			sourceTree = "<group>";
		};
		032A5EF319DAB2F200B8551D /* Products */ = {
			isa = PBXGroup;
			children = (
				032A5EF219DAB2F200B8551D /* LightOj 1007 */,
			);
			name = Products;
			sourceTree = "<group>";
		};
		032A5EF419DAB2F200B8551D /* LightOj 1007 */ = {
			isa = PBXGroup;
			children = (
				032A5EF519DAB2F200B8551D /* main.cpp */,
			);
			path = "LightOj 1007";
			sourceTree = "<group>";
		};
/* End PBXGroup section */

/* Begin PBXNativeTarget section */
		032A5EF119DAB2F200B8551D /* LightOj 1007 */ = {
			isa = PBXNativeTarget;
			buildConfigurationList = 032A5EF919DAB2F200B8551D /* Build configuration list for PBXNativeTarget "LightOj 1007" */;
			buildPhases = (
				032A5EEE19DAB2F200B8551D /* Sources */,
				032A5EEF19DAB2F200B8551D /* Frameworks */,
				032A5EF019DAB2F200B8551D /* CopyFiles */,
			);
			buildRules = (
			);
			dependencies = (
			);
			name = "LightOj 1007";
			productName = "LightOj 1007";
			productReference = 032A5EF219DAB2F200B8551D /* LightOj 1007 */;
			productType = "com.apple.product-type.tool";
		};
/* End PBXNativeTarget section */

/* Begin PBXProject section */
		032A5EEA19DAB2F200B8551D /* Project object */ = {
			isa = PBXProject;
			attributes = {
				LastUpgradeCheck = 0600;
				ORGANIZATIONNAME = "Shawon Ashraf";
				TargetAttributes = {
					032A5EF119DAB2F200B8551D = {
						CreatedOnToolsVersion = 6.0.1;
					};
				};
			};
			buildConfigurationList = 032A5EED19DAB2F200B8551D /* Build configuration list for PBXProject "LightOj 1007" */;
			compatibilityVersion = "Xcode 3.2";
			developmentRegion = English;
			hasScannedForEncodings = 0;
			knownRegions = (
				en,
			);
			mainGroup = 032A5EE919DAB2F200B8551D;
			productRefGroup = 032A5EF319DAB2F200B8551D /* Products */;
			projectDirPath = "";
			projectRoot = "";
			targets = (
				032A5EF119DAB2F200B8551D /* LightOj 1007 */,
			);
		};
/* End PBXProject section */

/* Begin PBXSourcesBuildPhase section */
		032A5EEE19DAB2F200B8551D /* Sources */ = {
			isa = PBXSourcesBuildPhase;
			buildActionMask = 2147483647;
			files = (
				032A5EF619DAB2F200B8551D /* main.cpp in Sources */,
			);
			runOnlyForDeploymentPostprocessing = 0;
		};
/* End PBXSourcesBuildPhase section */

/* Begin XCBuildConfiguration section */
		032A5EF719DAB2F200B8551D /* Debug */ = {
			isa = XCBuildConfiguration;
			buildSettings = {
				ALWAYS_SEARCH_USER_PATHS = NO;
				CLANG_CXX_LANGUAGE_STANDARD = "gnu++0x";
				CLANG_CXX_LIBRARY = "libc++";
				CLANG_ENABLE_MODULES = YES;
				CLANG_ENABLE_OBJC_ARC = YES;
				CLANG_WARN_BOOL_CONVERSION = YES;
				CLANG_WARN_CONSTANT_CONVERSION = YES;
				CLANG_WARN_DIRECT_OBJC_ISA_USAGE = YES_ERROR;
				CLANG_WARN_EMPTY_BODY = YES;
				CLANG_WARN_ENUM_CONVERSION = YES;
				CLANG_WARN_INT_CONVERSION = YES;
				CLANG_WARN_OBJC_ROOT_CLASS = YES_ERROR;
				CLANG_WARN_UNREACHABLE_CODE = YES;
				CLANG_WARN__DUPLICATE_METHOD_MATCH = YES;
				COPY_PHASE_STRIP = NO;
				ENABLE_STRICT_OBJC_MSGSEND = YES;
				GCC_C_LANGUAGE_STANDARD = gnu99;
				GCC_DYNAMIC_NO_PIC = NO;
				GCC_OPTIMIZATION_LEVEL = 0;
				GCC_PREPROCESSOR_DEFINITIONS = (
					"DEBUG=1",
					"$(inherited)",
				);
				GCC_SYMBOLS_PRIVATE_EXTERN = NO;
				GCC_WARN_64_TO_32_BIT_CONVERSION = YES;
				GCC_WARN_ABOUT_RETURN_TYPE = YES_ERROR;
				GCC_WARN_UNDECLARED_SELECTOR = YES;
				GCC_WARN_UNINITIALIZED_AUTOS = YES_AGGRESSIVE;
				GCC_WARN_UNUSED_FUNCTION = YES;
				GCC_WARN_UNUSED_VARIABLE = YES;
				MACOSX_DEPLOYMENT_TARGET = 10.9;
				MTL_ENABLE_DEBUG_INFO = YES;
				ONLY_ACTIVE_ARCH = YES;
				SDKROOT = macosx;
			};
			name = Debug;
		};
		032A5EF819DAB2F200B8551D /* Release */ = {
			isa = XCBuildConfiguration;
			buildSettings = {
				ALWAYS_SEARCH_USER_PATHS = NO;
				CLANG_CXX_LANGUAGE_STANDARD = "gnu++0x";
				CLANG_CXX_LIBRARY = "libc++";
				CLANG_ENABLE_MODULES = YES;
				CLANG_ENABLE_OBJC_ARC = YES;
				CLANG_WARN_BOOL_CONVERSION = YES;
				CLANG_WARN_CONSTANT_CONVERSION = YES;
				CLANG_WARN_DIRECT_OBJC_ISA_USAGE = YES_ERROR;
				CLANG_WARN_EMPTY_BODY = YES;
				CLANG_WARN_ENUM_CONVERSION = YES;
				CLANG_WARN_INT_CONVERSION = YES;
				CLANG_WARN_OBJC_ROOT_CLASS = YES_ERROR;
				CLANG_WARN_UNREACHABLE_CODE = YES;
				CLANG_WARN__DUPLICATE_METHOD_MATCH = YES;
				COPY_PHASE_STRIP = YES;
				DEBUG_INFORMATION_FORMAT = "dwarf-with-dsym";
				ENABLE_NS_ASSERTIONS = NO;
				ENABLE_STRICT_OBJC_MSGSEND = YES;
				GCC_C_LANGUAGE_STANDARD = gnu99;
				GCC_WARN_64_TO_32_BIT_CONVERSION = YES;
				GCC_WARN_ABOUT_RETURN_TYPE = YES_ERROR;
				GCC_WARN_UNDECLARED_SELECTOR = YES;
				GCC_WARN_UNINITIALIZED_AUTOS = YES_AGGRESSIVE;
				GCC_WARN_UNUSED_FUNCTION = YES;
				GCC_WARN_UNUSED_VARIABLE = YES;
				MACOSX_DEPLOYMENT_TARGET = 10.9;
				MTL_ENABLE_DEBUG_INFO = NO;
				SDKROOT = macosx;
			};
			name = Release;
		};
		032A5EFA19DAB2F200B8551D /* Debug */ = {
			isa = XCBuildConfiguration;
			buildSettings = {
				PRODUCT_NAME = "$(TARGET_NAME)";
			};
			name = Debug;
		};
		032A5EFB19DAB2F200B8551D /* Release */ = {
			isa = XCBuildConfiguration;
			buildSettings = {
				PRODUCT_NAME = "$(TARGET_NAME)";
			};
			name = Release;
		};
/* End XCBuildConfiguration section */

/* Begin XCConfigurationList section */
		032A5EED19DAB2F200B8551D /* Build configuration list for PBXProject "LightOj 1007" */ = {
			isa = XCConfigurationList;
			buildConfigurations = (
				032A5EF719DAB2F200B8551D /* Debug */,
				032A5EF819DAB2F200B8551D /* Release */,
			);
			defaultConfigurationIsVisible = 0;
			defaultConfigurationName = Release;
		};
		032A5EF919DAB2F200B8551D /* Build configuration list for PBXNativeTarget "LightOj 1007" */ = {
			isa = XCConfigurationList;
			buildConfigurations = (
				032A5EFA19DAB2F200B8551D /* Debug */,
				032A5EFB19DAB2F200B8551D /* Release */,
			);
			defaultConfigurationIsVisible = 0;
		};
/* End XCConfigurationList section */
	};
	rootObject = 032A5EEA19DAB2F200B8551D /* Project object */;
}
