// !$*UTF8*$!
{
	archiveVersion = 1;
	classes = {
	};
	objectVersion = 46;
	objects = {

/* Begin PBXBuildFile section */
		032A3FEF1A3623D800061A81 /* main.cpp in Sources */ = {isa = PBXBuildFile; fileRef = 032A3FEE1A3623D800061A81 /* main.cpp */; };
/* End PBXBuildFile section */

/* Begin PBXCopyFilesBuildPhase section */
		032A3FE91A3623D800061A81 /* CopyFiles */ = {
			isa = PBXCopyFilesBuildPhase;
			buildActionMask = 2147483647;
			dstPath = /usr/share/man/man1/;
			dstSubfolderSpec = 0;
			files = (
			);
			runOnlyForDeploymentPostprocessing = 1;
		};
/* End PBXCopyFilesBuildPhase section */

/* Begin PBXFileReference section */
		032A3FEB1A3623D800061A81 /* Lightoj 1003 */ = {isa = PBXFileReference; explicitFileType = "compiled.mach-o.executable"; includeInIndex = 0; path = "Lightoj 1003"; sourceTree = BUILT_PRODUCTS_DIR; };
		032A3FEE1A3623D800061A81 /* main.cpp */ = {isa = PBXFileReference; lastKnownFileType = sourcecode.cpp.cpp; path = main.cpp; sourceTree = "<group>"; };
/* End PBXFileReference section */

/* Begin PBXFrameworksBuildPhase section */
		032A3FE81A3623D800061A81 /* Frameworks */ = {
			isa = PBXFrameworksBuildPhase;
			buildActionMask = 2147483647;
			files = (
			);
			runOnlyForDeploymentPostprocessing = 0;
		};
/* End PBXFrameworksBuildPhase section */

/* Begin PBXGroup section */
		032A3FE21A3623D800061A81 = {
			isa = PBXGroup;
			children = (
				032A3FED1A3623D800061A81 /* Lightoj 1003 */,
				032A3FEC1A3623D800061A81 /* Products */,
			);
			sourceTree = "<group>";
		};
		032A3FEC1A3623D800061A81 /* Products */ = {
			isa = PBXGroup;
			children = (
				032A3FEB1A3623D800061A81 /* Lightoj 1003 */,
			);
			name = Products;
			sourceTree = "<group>";
		};
		032A3FED1A3623D800061A81 /* Lightoj 1003 */ = {
			isa = PBXGroup;
			children = (
				032A3FEE1A3623D800061A81 /* main.cpp */,
			);
			path = "Lightoj 1003";
			sourceTree = "<group>";
		};
/* End PBXGroup section */

/* Begin PBXNativeTarget section */
		032A3FEA1A3623D800061A81 /* Lightoj 1003 */ = {
			isa = PBXNativeTarget;
			buildConfigurationList = 032A3FF21A3623D800061A81 /* Build configuration list for PBXNativeTarget "Lightoj 1003" */;
			buildPhases = (
				032A3FE71A3623D800061A81 /* Sources */,
				032A3FE81A3623D800061A81 /* Frameworks */,
				032A3FE91A3623D800061A81 /* CopyFiles */,
			);
			buildRules = (
			);
			dependencies = (
			);
			name = "Lightoj 1003";
			productName = "Lightoj 1003";
			productReference = 032A3FEB1A3623D800061A81 /* Lightoj 1003 */;
			productType = "com.apple.product-type.tool";
		};
/* End PBXNativeTarget section */

/* Begin PBXProject section */
		032A3FE31A3623D800061A81 /* Project object */ = {
			isa = PBXProject;
			attributes = {
				LastUpgradeCheck = 0610;
				ORGANIZATIONNAME = "Shawon Ashraf";
				TargetAttributes = {
					032A3FEA1A3623D800061A81 = {
						CreatedOnToolsVersion = 6.1;
					};
				};
			};
			buildConfigurationList = 032A3FE61A3623D800061A81 /* Build configuration list for PBXProject "Lightoj 1003" */;
			compatibilityVersion = "Xcode 3.2";
			developmentRegion = English;
			hasScannedForEncodings = 0;
			knownRegions = (
				en,
			);
			mainGroup = 032A3FE21A3623D800061A81;
			productRefGroup = 032A3FEC1A3623D800061A81 /* Products */;
			projectDirPath = "";
			projectRoot = "";
			targets = (
				032A3FEA1A3623D800061A81 /* Lightoj 1003 */,
			);
		};
/* End PBXProject section */

/* Begin PBXSourcesBuildPhase section */
		032A3FE71A3623D800061A81 /* Sources */ = {
			isa = PBXSourcesBuildPhase;
			buildActionMask = 2147483647;
			files = (
				032A3FEF1A3623D800061A81 /* main.cpp in Sources */,
			);
			runOnlyForDeploymentPostprocessing = 0;
		};
/* End PBXSourcesBuildPhase section */

/* Begin XCBuildConfiguration section */
		032A3FF01A3623D800061A81 /* Debug */ = {
			isa = XCBuildConfiguration;
			buildSettings = {
				ALWAYS_SEARCH_USER_PATHS = NO;
				CLANG_CXX_LANGUAGE_STANDARD = "gnu++0x";
				CLANG_CXX_LIBRARY = "libc++";
				CLANG_ENABLE_MODULES = YES;
				CLANG_ENABLE_OBJC_ARC = YES;
				CLANG_WARN_BOOL_CONVERSION = YES;
				CLANG_WARN_CONSTANT_CONVERSION = YES;
				CLANG_WARN_DIRECT_OBJC_ISA_USAGE = YES_ERROR;
				CLANG_WARN_EMPTY_BODY = YES;
				CLANG_WARN_ENUM_CONVERSION = YES;
				CLANG_WARN_INT_CONVERSION = YES;
				CLANG_WARN_OBJC_ROOT_CLASS = YES_ERROR;
				CLANG_WARN_UNREACHABLE_CODE = YES;
				CLANG_WARN__DUPLICATE_METHOD_MATCH = YES;
				COPY_PHASE_STRIP = NO;
				ENABLE_STRICT_OBJC_MSGSEND = YES;
				GCC_C_LANGUAGE_STANDARD = gnu99;
				GCC_DYNAMIC_NO_PIC = NO;
				GCC_OPTIMIZATION_LEVEL = 0;
				GCC_PREPROCESSOR_DEFINITIONS = (
					"DEBUG=1",
					"$(inherited)",
				);
				GCC_SYMBOLS_PRIVATE_EXTERN = NO;
				GCC_WARN_64_TO_32_BIT_CONVERSION = YES;
				GCC_WARN_ABOUT_RETURN_TYPE = YES_ERROR;
				GCC_WARN_UNDECLARED_SELECTOR = YES;
				GCC_WARN_UNINITIALIZED_AUTOS = YES_AGGRESSIVE;
				GCC_WARN_UNUSED_FUNCTION = YES;
				GCC_WARN_UNUSED_VARIABLE = YES;
				MACOSX_DEPLOYMENT_TARGET = 10.10;
				MTL_ENABLE_DEBUG_INFO = YES;
				ONLY_ACTIVE_ARCH = YES;
				SDKROOT = macosx;
			};
			name = Debug;
		};
		032A3FF11A3623D800061A81 /* Release */ = {
			isa = XCBuildConfiguration;
			buildSettings = {
				ALWAYS_SEARCH_USER_PATHS = NO;
				CLANG_CXX_LANGUAGE_STANDARD = "gnu++0x";
				CLANG_CXX_LIBRARY = "libc++";
				CLANG_ENABLE_MODULES = YES;
				CLANG_ENABLE_OBJC_ARC = YES;
				CLANG_WARN_BOOL_CONVERSION = YES;
				CLANG_WARN_CONSTANT_CONVERSION = YES;
				CLANG_WARN_DIRECT_OBJC_ISA_USAGE = YES_ERROR;
				CLANG_WARN_EMPTY_BODY = YES;
				CLANG_WARN_ENUM_CONVERSION = YES;
				CLANG_WARN_INT_CONVERSION = YES;
				CLANG_WARN_OBJC_ROOT_CLASS = YES_ERROR;
				CLANG_WARN_UNREACHABLE_CODE = YES;
				CLANG_WARN__DUPLICATE_METHOD_MATCH = YES;
				COPY_PHASE_STRIP = YES;
				DEBUG_INFORMATION_FORMAT = "dwarf-with-dsym";
				ENABLE_NS_ASSERTIONS = NO;
				ENABLE_STRICT_OBJC_MSGSEND = YES;
				GCC_C_LANGUAGE_STANDARD = gnu99;
				GCC_WARN_64_TO_32_BIT_CONVERSION = YES;
				GCC_WARN_ABOUT_RETURN_TYPE = YES_ERROR;
				GCC_WARN_UNDECLARED_SELECTOR = YES;
				GCC_WARN_UNINITIALIZED_AUTOS = YES_AGGRESSIVE;
				GCC_WARN_UNUSED_FUNCTION = YES;
				GCC_WARN_UNUSED_VARIABLE = YES;
				MACOSX_DEPLOYMENT_TARGET = 10.10;
				MTL_ENABLE_DEBUG_INFO = NO;
				SDKROOT = macosx;
			};
			name = Release;
		};
		032A3FF31A3623D800061A81 /* Debug */ = {
			isa = XCBuildConfiguration;
			buildSettings = {
				PRODUCT_NAME = "$(TARGET_NAME)";
			};
			name = Debug;
		};
		032A3FF41A3623D800061A81 /* Release */ = {
			isa = XCBuildConfiguration;
			buildSettings = {
				PRODUCT_NAME = "$(TARGET_NAME)";
			};
			name = Release;
		};
/* End XCBuildConfiguration section */

/* Begin XCConfigurationList section */
		032A3FE61A3623D800061A81 /* Build configuration list for PBXProject "Lightoj 1003" */ = {
			isa = XCConfigurationList;
			buildConfigurations = (
				032A3FF01A3623D800061A81 /* Debug */,
				032A3FF11A3623D800061A81 /* Release */,
			);
			defaultConfigurationIsVisible = 0;
			defaultConfigurationName = Release;
		};
		032A3FF21A3623D800061A81 /* Build configuration list for PBXNativeTarget "Lightoj 1003" */ = {
			isa = XCConfigurationList;
			buildConfigurations = (
				032A3FF31A3623D800061A81 /* Debug */,
				032A3FF41A3623D800061A81 /* Release */,
			);
			defaultConfigurationIsVisible = 0;
		};
/* End XCConfigurationList section */
	};
	rootObject = 032A3FE31A3623D800061A81 /* Project object */;
}
