// !$*UTF8*$!
{
	archiveVersion = 1;
	classes = {
	};
	objectVersion = 46;
	objects = {

/* Begin PBXBuildFile section */
		037770571942342D0065B86A /* main.cpp in Sources */ = {isa = PBXBuildFile; fileRef = 037770561942342D0065B86A /* main.cpp */; };
		037770591942342D0065B86A /* LightOJ_1387.1 in CopyFiles */ = {isa = PBXBuildFile; fileRef = 037770581942342D0065B86A /* LightOJ_1387.1 */; };
/* End PBXBuildFile section */

/* Begin PBXCopyFilesBuildPhase section */
		037770511942342D0065B86A /* CopyFiles */ = {
			isa = PBXCopyFilesBuildPhase;
			buildActionMask = 2147483647;
			dstPath = /usr/share/man/man1/;
			dstSubfolderSpec = 0;
			files = (
				037770591942342D0065B86A /* LightOJ_1387.1 in CopyFiles */,
			);
			runOnlyForDeploymentPostprocessing = 1;
		};
/* End PBXCopyFilesBuildPhase section */

/* Begin PBXFileReference section */
		037770531942342D0065B86A /* LightOJ 1387 */ = {isa = PBXFileReference; explicitFileType = "compiled.mach-o.executable"; includeInIndex = 0; path = "LightOJ 1387"; sourceTree = BUILT_PRODUCTS_DIR; };
		037770561942342D0065B86A /* main.cpp */ = {isa = PBXFileReference; lastKnownFileType = sourcecode.cpp.cpp; path = main.cpp; sourceTree = "<group>"; };
		037770581942342D0065B86A /* LightOJ_1387.1 */ = {isa = PBXFileReference; lastKnownFileType = text.man; path = LightOJ_1387.1; sourceTree = "<group>"; };
/* End PBXFileReference section */

/* Begin PBXFrameworksBuildPhase section */
		037770501942342D0065B86A /* Frameworks */ = {
			isa = PBXFrameworksBuildPhase;
			buildActionMask = 2147483647;
			files = (
			);
			runOnlyForDeploymentPostprocessing = 0;
		};
/* End PBXFrameworksBuildPhase section */

/* Begin PBXGroup section */
		0377704A1942342C0065B86A = {
			isa = PBXGroup;
			children = (
				037770551942342D0065B86A /* LightOJ 1387 */,
				037770541942342D0065B86A /* Products */,
			);
			sourceTree = "<group>";
		};
		037770541942342D0065B86A /* Products */ = {
			isa = PBXGroup;
			children = (
				037770531942342D0065B86A /* LightOJ 1387 */,
			);
			name = Products;
			sourceTree = "<group>";
		};
		037770551942342D0065B86A /* LightOJ 1387 */ = {
			isa = PBXGroup;
			children = (
				037770561942342D0065B86A /* main.cpp */,
				037770581942342D0065B86A /* LightOJ_1387.1 */,
			);
			path = "LightOJ 1387";
			sourceTree = "<group>";
		};
/* End PBXGroup section */

/* Begin PBXNativeTarget section */
		037770521942342D0065B86A /* LightOJ 1387 */ = {
			isa = PBXNativeTarget;
			buildConfigurationList = 0377705C1942342D0065B86A /* Build configuration list for PBXNativeTarget "LightOJ 1387" */;
			buildPhases = (
				0377704F1942342D0065B86A /* Sources */,
				037770501942342D0065B86A /* Frameworks */,
				037770511942342D0065B86A /* CopyFiles */,
			);
			buildRules = (
			);
			dependencies = (
			);
			name = "LightOJ 1387";
			productName = "LightOJ 1387";
			productReference = 037770531942342D0065B86A /* LightOJ 1387 */;
			productType = "com.apple.product-type.tool";
		};
/* End PBXNativeTarget section */

/* Begin PBXProject section */
		0377704B1942342D0065B86A /* Project object */ = {
			isa = PBXProject;
			attributes = {
				LastUpgradeCheck = 0510;
				ORGANIZATIONNAME = "Shawon Ashraf";
			};
			buildConfigurationList = 0377704E1942342D0065B86A /* Build configuration list for PBXProject "LightOJ 1387" */;
			compatibilityVersion = "Xcode 3.2";
			developmentRegion = English;
			hasScannedForEncodings = 0;
			knownRegions = (
				en,
			);
			mainGroup = 0377704A1942342C0065B86A;
			productRefGroup = 037770541942342D0065B86A /* Products */;
			projectDirPath = "";
			projectRoot = "";
			targets = (
				037770521942342D0065B86A /* LightOJ 1387 */,
			);
		};
/* End PBXProject section */

/* Begin PBXSourcesBuildPhase section */
		0377704F1942342D0065B86A /* Sources */ = {
			isa = PBXSourcesBuildPhase;
			buildActionMask = 2147483647;
			files = (
				037770571942342D0065B86A /* main.cpp in Sources */,
			);
			runOnlyForDeploymentPostprocessing = 0;
		};
/* End PBXSourcesBuildPhase section */

/* Begin XCBuildConfiguration section */
		0377705A1942342D0065B86A /* Debug */ = {
			isa = XCBuildConfiguration;
			buildSettings = {
				ALWAYS_SEARCH_USER_PATHS = NO;
				CLANG_CXX_LANGUAGE_STANDARD = "gnu++0x";
				CLANG_CXX_LIBRARY = "libc++";
				CLANG_ENABLE_MODULES = YES;
				CLANG_ENABLE_OBJC_ARC = YES;
				CLANG_WARN_BOOL_CONVERSION = YES;
				CLANG_WARN_CONSTANT_CONVERSION = YES;
				CLANG_WARN_DIRECT_OBJC_ISA_USAGE = YES_ERROR;
				CLANG_WARN_EMPTY_BODY = YES;
				CLANG_WARN_ENUM_CONVERSION = YES;
				CLANG_WARN_INT_CONVERSION = YES;
				CLANG_WARN_OBJC_ROOT_CLASS = YES_ERROR;
				CLANG_WARN__DUPLICATE_METHOD_MATCH = YES;
				COPY_PHASE_STRIP = NO;
				GCC_C_LANGUAGE_STANDARD = gnu99;
				GCC_DYNAMIC_NO_PIC = NO;
				GCC_ENABLE_OBJC_EXCEPTIONS = YES;
				GCC_OPTIMIZATION_LEVEL = 0;
				GCC_PREPROCESSOR_DEFINITIONS = (
					"DEBUG=1",
					"$(inherited)",
				);
				GCC_SYMBOLS_PRIVATE_EXTERN = NO;
				GCC_WARN_64_TO_32_BIT_CONVERSION = YES;
				GCC_WARN_ABOUT_RETURN_TYPE = YES_ERROR;
				GCC_WARN_UNDECLARED_SELECTOR = YES;
				GCC_WARN_UNINITIALIZED_AUTOS = YES_AGGRESSIVE;
				GCC_WARN_UNUSED_FUNCTION = YES;
				GCC_WARN_UNUSED_VARIABLE = YES;
				MACOSX_DEPLOYMENT_TARGET = 10.9;
				ONLY_ACTIVE_ARCH = YES;
				SDKROOT = macosx;
			};
			name = Debug;
		};
		0377705B1942342D0065B86A /* Release */ = {
			isa = XCBuildConfiguration;
			buildSettings = {
				ALWAYS_SEARCH_USER_PATHS = NO;
				CLANG_CXX_LANGUAGE_STANDARD = "gnu++0x";
				CLANG_CXX_LIBRARY = "libc++";
				CLANG_ENABLE_MODULES = YES;
				CLANG_ENABLE_OBJC_ARC = YES;
				CLANG_WARN_BOOL_CONVERSION = YES;
				CLANG_WARN_CONSTANT_CONVERSION = YES;
				CLANG_WARN_DIRECT_OBJC_ISA_USAGE = YES_ERROR;
				CLANG_WARN_EMPTY_BODY = YES;
				CLANG_WARN_ENUM_CONVERSION = YES;
				CLANG_WARN_INT_CONVERSION = YES;
				CLANG_WARN_OBJC_ROOT_CLASS = YES_ERROR;
				CLANG_WARN__DUPLICATE_METHOD_MATCH = YES;
				COPY_PHASE_STRIP = YES;
				DEBUG_INFORMATION_FORMAT = "dwarf-with-dsym";
				ENABLE_NS_ASSERTIONS = NO;
				GCC_C_LANGUAGE_STANDARD = gnu99;
				GCC_ENABLE_OBJC_EXCEPTIONS = YES;
				GCC_WARN_64_TO_32_BIT_CONVERSION = YES;
				GCC_WARN_ABOUT_RETURN_TYPE = YES_ERROR;
				GCC_WARN_UNDECLARED_SELECTOR = YES;
				GCC_WARN_UNINITIALIZED_AUTOS = YES_AGGRESSIVE;
				GCC_WARN_UNUSED_FUNCTION = YES;
				GCC_WARN_UNUSED_VARIABLE = YES;
				MACOSX_DEPLOYMENT_TARGET = 10.9;
				SDKROOT = macosx;
			};
			name = Release;
		};
		0377705D1942342D0065B86A /* Debug */ = {
			isa = XCBuildConfiguration;
			buildSettings = {
				PRODUCT_NAME = "$(TARGET_NAME)";
			};
			name = Debug;
		};
		0377705E1942342D0065B86A /* Release */ = {
			isa = XCBuildConfiguration;
			buildSettings = {
				PRODUCT_NAME = "$(TARGET_NAME)";
			};
			name = Release;
		};
/* End XCBuildConfiguration section */

/* Begin XCConfigurationList section */
		0377704E1942342D0065B86A /* Build configuration list for PBXProject "LightOJ 1387" */ = {
			isa = XCConfigurationList;
			buildConfigurations = (
				0377705A1942342D0065B86A /* Debug */,
				0377705B1942342D0065B86A /* Release */,
			);
			defaultConfigurationIsVisible = 0;
			defaultConfigurationName = Release;
		};
		0377705C1942342D0065B86A /* Build configuration list for PBXNativeTarget "LightOJ 1387" */ = {
			isa = XCConfigurationList;
			buildConfigurations = (
				0377705D1942342D0065B86A /* Debug */,
				0377705E1942342D0065B86A /* Release */,
			);
			defaultConfigurationIsVisible = 0;
		};
/* End XCConfigurationList section */
	};
	rootObject = 0377704B1942342D0065B86A /* Project object */;
}
